
Microsoft Visual Studio Solution File, Format Version 12.00
# Visual Studio 14
VisualStudioVersion = 14.0.25420.1
MinimumVisualStudioVersion = 10.0.40219.1
Project("{FAE04EC0-301F-11D3-BF4B-00C04F79EFBC}") = "EuforyServices", "EuforyServices\EuforyServices.csproj", "{BF637A9B-43D5-4229-8332-139B96C6ADB2}"
EndProject
Project("{FAE04EC0-301F-11D3-BF4B-00C04F79EFBC}") = "EuforyServices.DataContract", "EuforyServices.DataContract\EuforyServices.DataContract.csproj", "{B5C2FDBA-2A0C-442F-A641-3974F43803CC}"
EndProject
Project("{FAE04EC0-301F-11D3-BF4B-00C04F79EFBC}") = "EuforyServices.ServiceContract", "EuforyServices.ServiceContract\EuforyServices.ServiceContract.csproj", "{049DB280-E0DC-45AF-9BF0-DD056D5D5C96}"
EndProject
Project("{FAE04EC0-301F-11D3-BF4B-00C04F79EFBC}") = "EuforyServices.ServiceImplementation", "EuforyServices.ServiceImplementation\EuforyServices.ServiceImplementation.csproj", "{B94229F5-7386-46F1-A80E-8ACA278F899F}"
EndProject
Global
	GlobalSection(SolutionConfigurationPlatforms) = preSolution
		Debug|Any CPU = Debug|Any CPU
		Release|Any CPU = Release|Any CPU
	EndGlobalSection
	GlobalSection(ProjectConfigurationPlatforms) = postSolution
		{BF637A9B-43D5-4229-8332-139B96C6ADB2}.Debug|Any CPU.ActiveCfg = Debug|Any CPU
		{BF637A9B-43D5-4229-8332-139B96C6ADB2}.Debug|Any CPU.Build.0 = Debug|Any CPU
		{BF637A9B-43D5-4229-8332-139B96C6ADB2}.Release|Any CPU.ActiveCfg = Release|Any CPU
		{BF637A9B-43D5-4229-8332-139B96C6ADB2}.Release|Any CPU.Build.0 = Release|Any CPU
		{B5C2FDBA-2A0C-442F-A641-3974F43803CC}.Debug|Any CPU.ActiveCfg = Debug|Any CPU
		{B5C2FDBA-2A0C-442F-A641-3974F43803CC}.Debug|Any CPU.Build.0 = Debug|Any CPU
		{B5C2FDBA-2A0C-442F-A641-3974F43803CC}.Release|Any CPU.ActiveCfg = Release|Any CPU
		{B5C2FDBA-2A0C-442F-A641-3974F43803CC}.Release|Any CPU.Build.0 = Release|Any CPU
		{049DB280-E0DC-45AF-9BF0-DD056D5D5C96}.Debug|Any CPU.ActiveCfg = Debug|Any CPU
		{049DB280-E0DC-45AF-9BF0-DD056D5D5C96}.Debug|Any CPU.Build.0 = Debug|Any CPU
		{049DB280-E0DC-45AF-9BF0-DD056D5D5C96}.Release|Any CPU.ActiveCfg = Release|Any CPU
		{049DB280-E0DC-45AF-9BF0-DD056D5D5C96}.Release|Any CPU.Build.0 = Release|Any CPU
		{B94229F5-7386-46F1-A80E-8ACA278F899F}.Debug|Any CPU.ActiveCfg = Debug|Any CPU
		{B94229F5-7386-46F1-A80E-8ACA278F899F}.Debug|Any CPU.Build.0 = Debug|Any CPU
		{B94229F5-7386-46F1-A80E-8ACA278F899F}.Release|Any CPU.ActiveCfg = Release|Any CPU
		{B94229F5-7386-46F1-A80E-8ACA278F899F}.Release|Any CPU.Build.0 = Release|Any CPU
	EndGlobalSection
	GlobalSection(SolutionProperties) = preSolution
		HideSolutionNode = FALSE
	EndGlobalSection
EndGlobal
